<?xml version="1.0" encoding="utf-8"?>
<Project ToolsVersion="4.0" xmlns="http://schemas.microsoft.com/developer/msbuild/2003">
  <ItemGroup>
    <Filter Include="Source Files">
      <UniqueIdentifier>{4FC737F1-C7A5-4376-A066-2A32D752A2FF}</UniqueIdentifier>
      <Extensions>cpp;c;cc;cxx;c++;cppm;ixx;def;odl;idl;hpj;bat;asm;asmx</Extensions>
    </Filter>
    <Filter Include="Header Files">
      <UniqueIdentifier>{93995380-89BD-4b04-88EB-625FBE52EBFB}</UniqueIdentifier>
      <Extensions>h;hh;hpp;hxx;h++;hm;inl;inc;ipp;xsd</Extensions>
    </Filter>
    <Filter Include="Resource Files">
      <UniqueIdentifier>{67DA6AB6-F800-4c08-8B7A-83BB121AAD01}</UniqueIdentifier>
      <Extensions>rc;ico;cur;bmp;dlg;rc2;rct;bin;rgs;gif;jpg;jpeg;jpe;resx;tiff;tif;png;wav;mfcribbon-ms</Extensions>
    </Filter>
    <Filter Include="Source Files\Exercises">
      <UniqueIdentifier>{2ae5f84a-71df-43ad-b953-f298702749a9}</UniqueIdentifier>
    </Filter>
    <Filter Include="Source Files\Listings">
      <UniqueIdentifier>{5c54e2d2-c494-4e0f-8d83-df7758909d6d}</UniqueIdentifier>
    </Filter>
    <Filter Include="Source Files\Misc">
      <UniqueIdentifier>{95b13441-a99c-4f7a-8484-dcc874ab3e94}</UniqueIdentifier>
    </Filter>
  </ItemGroup>
  <ItemGroup>
    <ClCompile Include="main.c">
      <Filter>Source Files</Filter>
    </ClCompile>
    <ClCompile Include="ex1213.c">
      <Filter>Source Files\Exercises</Filter>
    </ClCompile>
    <ClCompile Include="midi2freq.c">
      <Filter>Source Files\Listings</Filter>
    </ClCompile>
    <ClCompile Include="playground.c">
      <Filter>Source Files\Misc</Filter>
    </ClCompile>
    <ClCompile Include="basicUserInput.c">
      <Filter>Source Files\Misc</Filter>
    </ClCompile>
    <ClCompile Include="miditoFreqIneractive.c">
      <Filter>Source Files\Listings</Filter>
    </ClCompile>
  </ItemGroup>
  <ItemGroup>
    <ClInclude Include="exercises.h">
      <Filter>Source Files</Filter>
    </ClInclude>
  </ItemGroup>
</Project>